
Microsoft Visual Studio Solution File, Format Version 12.00
# Visual Studio Version 17
VisualStudioVersion = 17.8.34316.72
MinimumVisualStudioVersion = 10.0.40219.1
Project("{FAE04EC0-301F-11D3-BF4B-00C04F79EFBC}") = "TaskManagementAPI", "TaskManagementAPI.csproj", "{4A083B6C-A8A5-4D3E-ABCC-286917C9C3F7}"
EndProject
Global
	GlobalSection(SolutionConfigurationPlatforms) = preSolution
		Debug|Any CPU = Debug|Any CPU
		Release|Any CPU = Release|Any CPU
	EndGlobalSection
	GlobalSection(ProjectConfigurationPlatforms) = postSolution
		{4A083B6C-A8A5-4D3E-ABCC-286917C9C3F7}.Debug|Any CPU.ActiveCfg = Debug|Any CPU
		{4A083B6C-A8A5-4D3E-ABCC-286917C9C3F7}.Debug|Any CPU.Build.0 = Debug|Any CPU
		{4A083B6C-A8A5-4D3E-ABCC-286917C9C3F7}.Release|Any CPU.ActiveCfg = Release|Any CPU
		{4A083B6C-A8A5-4D3E-ABCC-286917C9C3F7}.Release|Any CPU.Build.0 = Release|Any CPU
	EndGlobalSection
	GlobalSection(SolutionProperties) = preSolution
		HideSolutionNode = FALSE
	EndGlobalSection
	GlobalSection(ExtensibilityGlobals) = postSolution
		SolutionGuid = {812247AB-3893-4A0C-AF41-13BC1CAEB387}
	EndGlobalSection
EndGlobal
